
Microsoft Visual Studio Solution File, Format Version 12.00
# Visual Studio Version 16
VisualStudioVersion = 16.0.31729.503
MinimumVisualStudioVersion = 10.0.40219.1
Project("{FAE04EC0-301F-11D3-BF4B-00C04F79EFBC}") = "TomaIonutDaniel", "TomaIonutDaniel\TomaIonutDaniel.csproj", "{70DE2C81-8CD2-4AD7-AE9B-9D743F8FD13D}"
EndProject
Global
	GlobalSection(SolutionConfigurationPlatforms) = preSolution
		Debug|Any CPU = Debug|Any CPU
		Release|Any CPU = Release|Any CPU
	EndGlobalSection
	GlobalSection(ProjectConfigurationPlatforms) = postSolution
		{70DE2C81-8CD2-4AD7-AE9B-9D743F8FD13D}.Debug|Any CPU.ActiveCfg = Debug|Any CPU
		{70DE2C81-8CD2-4AD7-AE9B-9D743F8FD13D}.Debug|Any CPU.Build.0 = Debug|Any CPU
		{70DE2C81-8CD2-4AD7-AE9B-9D743F8FD13D}.Release|Any CPU.ActiveCfg = Release|Any CPU
		{70DE2C81-8CD2-4AD7-AE9B-9D743F8FD13D}.Release|Any CPU.Build.0 = Release|Any CPU
	EndGlobalSection
	GlobalSection(SolutionProperties) = preSolution
		HideSolutionNode = FALSE
	EndGlobalSection
	GlobalSection(ExtensibilityGlobals) = postSolution
		SolutionGuid = {509F8212-3869-4834-8C45-20A9D6E5E6E4}
	EndGlobalSection
EndGlobal
